// !$*UTF8*$!
{
	archiveVersion = 1;
	classes = {
	};
	objectVersion = 46;
	objects = {

/* Begin PBXBuildFile section */
		6CFAC2DE1F386A5000A175E5 /* main.m in Sources */ = {isa = PBXBuildFile; fileRef = 6CFAC2DD1F386A5000A175E5 /* main.m */; };
		6CFAC2E11F386A5000A175E5 /* AppDelegate.m in Sources */ = {isa = PBXBuildFile; fileRef = 6CFAC2E01F386A5000A175E5 /* AppDelegate.m */; };
		6CFAC2E41F386A5000A175E5 /* ViewController.m in Sources */ = {isa = PBXBuildFile; fileRef = 6CFAC2E31F386A5000A175E5 /* ViewController.m */; };
		6CFAC2E71F386A5000A175E5 /* Main.storyboard in Resources */ = {isa = PBXBuildFile; fileRef = 6CFAC2E51F386A5000A175E5 /* Main.storyboard */; };
		6CFAC2E91F386A5000A175E5 /* Assets.xcassets in Resources */ = {isa = PBXBuildFile; fileRef = 6CFAC2E81F386A5000A175E5 /* Assets.xcassets */; };
		6CFAC2EC1F386A5000A175E5 /* LaunchScreen.storyboard in Resources */ = {isa = PBXBuildFile; fileRef = 6CFAC2EA1F386A5000A175E5 /* LaunchScreen.storyboard */; };
		6CFAC2F91F3871AE00A175E5 /* LImageCacheCell.m in Sources */ = {isa = PBXBuildFile; fileRef = 6CFAC2F81F3871AE00A175E5 /* LImageCacheCell.m */; };
		6CFAC3011F3965FE00A175E5 /* UIImageView+LJImageView.m in Sources */ = {isa = PBXBuildFile; fileRef = 6CFAC3001F3965FE00A175E5 /* UIImageView+LJImageView.m */; };
/* End PBXBuildFile section */

/* Begin PBXFileReference section */
		6CFAC2D91F386A5000A175E5 /* LWidget.app */ = {isa = PBXFileReference; explicitFileType = wrapper.application; includeInIndex = 0; path = LWidget.app; sourceTree = BUILT_PRODUCTS_DIR; };
		6CFAC2DD1F386A5000A175E5 /* main.m */ = {isa = PBXFileReference; lastKnownFileType = sourcecode.c.objc; path = main.m; sourceTree = "<group>"; };
		6CFAC2DF1F386A5000A175E5 /* AppDelegate.h */ = {isa = PBXFileReference; lastKnownFileType = sourcecode.c.h; path = AppDelegate.h; sourceTree = "<group>"; };
		6CFAC2E01F386A5000A175E5 /* AppDelegate.m */ = {isa = PBXFileReference; lastKnownFileType = sourcecode.c.objc; path = AppDelegate.m; sourceTree = "<group>"; };
		6CFAC2E21F386A5000A175E5 /* ViewController.h */ = {isa = PBXFileReference; lastKnownFileType = sourcecode.c.h; path = ViewController.h; sourceTree = "<group>"; };
		6CFAC2E31F386A5000A175E5 /* ViewController.m */ = {isa = PBXFileReference; lastKnownFileType = sourcecode.c.objc; path = ViewController.m; sourceTree = "<group>"; };
		6CFAC2E61F386A5000A175E5 /* Base */ = {isa = PBXFileReference; lastKnownFileType = file.storyboard; name = Base; path = Base.lproj/Main.storyboard; sourceTree = "<group>"; };
		6CFAC2E81F386A5000A175E5 /* Assets.xcassets */ = {isa = PBXFileReference; lastKnownFileType = folder.assetcatalog; path = Assets.xcassets; sourceTree = "<group>"; };
		6CFAC2EB1F386A5000A175E5 /* Base */ = {isa = PBXFileReference; lastKnownFileType = file.storyboard; name = Base; path = Base.lproj/LaunchScreen.storyboard; sourceTree = "<group>"; };
		6CFAC2ED1F386A5000A175E5 /* Info.plist */ = {isa = PBXFileReference; lastKnownFileType = text.plist.xml; path = Info.plist; sourceTree = "<group>"; };
		6CFAC2F71F3871AE00A175E5 /* LImageCacheCell.h */ = {isa = PBXFileReference; fileEncoding = 4; lastKnownFileType = sourcecode.c.h; path = LImageCacheCell.h; sourceTree = "<group>"; };
		6CFAC2F81F3871AE00A175E5 /* LImageCacheCell.m */ = {isa = PBXFileReference; fileEncoding = 4; lastKnownFileType = sourcecode.c.objc; path = LImageCacheCell.m; sourceTree = "<group>"; };
		6CFAC2FF1F3965FE00A175E5 /* UIImageView+LJImageView.h */ = {isa = PBXFileReference; fileEncoding = 4; lastKnownFileType = sourcecode.c.h; path = "UIImageView+LJImageView.h"; sourceTree = "<group>"; };
		6CFAC3001F3965FE00A175E5 /* UIImageView+LJImageView.m */ = {isa = PBXFileReference; fileEncoding = 4; lastKnownFileType = sourcecode.c.objc; path = "UIImageView+LJImageView.m"; sourceTree = "<group>"; };
/* End PBXFileReference section */

/* Begin PBXFrameworksBuildPhase section */
		6CFAC2D61F386A5000A175E5 /* Frameworks */ = {
			isa = PBXFrameworksBuildPhase;
			buildActionMask = 2147483647;
			files = (
			);
			runOnlyForDeploymentPostprocessing = 0;
		};
/* End PBXFrameworksBuildPhase section */

/* Begin PBXGroup section */
		6CFAC2D01F386A5000A175E5 = {
			isa = PBXGroup;
			children = (
				6CFAC2FE1F3965FE00A175E5 /* LWidgets */,
				6CFAC2DB1F386A5000A175E5 /* LWidget */,
				6CFAC2DA1F386A5000A175E5 /* Products */,
			);
			sourceTree = "<group>";
		};
		6CFAC2DA1F386A5000A175E5 /* Products */ = {
			isa = PBXGroup;
			children = (
				6CFAC2D91F386A5000A175E5 /* LWidget.app */,
			);
			name = Products;
			sourceTree = "<group>";
		};
		6CFAC2DB1F386A5000A175E5 /* LWidget */ = {
			isa = PBXGroup;
			children = (
				6CFAC2DF1F386A5000A175E5 /* AppDelegate.h */,
				6CFAC2E01F386A5000A175E5 /* AppDelegate.m */,
				6CFAC2E21F386A5000A175E5 /* ViewController.h */,
				6CFAC2E31F386A5000A175E5 /* ViewController.m */,
				6CFAC2F71F3871AE00A175E5 /* LImageCacheCell.h */,
				6CFAC2F81F3871AE00A175E5 /* LImageCacheCell.m */,
				6CFAC2E51F386A5000A175E5 /* Main.storyboard */,
				6CFAC2E81F386A5000A175E5 /* Assets.xcassets */,
				6CFAC2EA1F386A5000A175E5 /* LaunchScreen.storyboard */,
				6CFAC2ED1F386A5000A175E5 /* Info.plist */,
				6CFAC2DC1F386A5000A175E5 /* Supporting Files */,
			);
			path = LWidget;
			sourceTree = "<group>";
		};
		6CFAC2DC1F386A5000A175E5 /* Supporting Files */ = {
			isa = PBXGroup;
			children = (
				6CFAC2DD1F386A5000A175E5 /* main.m */,
			);
			name = "Supporting Files";
			sourceTree = "<group>";
		};
		6CFAC2FE1F3965FE00A175E5 /* LWidgets */ = {
			isa = PBXGroup;
			children = (
				6CFAC2FF1F3965FE00A175E5 /* UIImageView+LJImageView.h */,
				6CFAC3001F3965FE00A175E5 /* UIImageView+LJImageView.m */,
			);
			path = LWidgets;
			sourceTree = "<group>";
		};
/* End PBXGroup section */

/* Begin PBXNativeTarget section */
		6CFAC2D81F386A5000A175E5 /* LWidget */ = {
			isa = PBXNativeTarget;
			buildConfigurationList = 6CFAC2F01F386A5000A175E5 /* Build configuration list for PBXNativeTarget "LWidget" */;
			buildPhases = (
				6CFAC2D51F386A5000A175E5 /* Sources */,
				6CFAC2D61F386A5000A175E5 /* Frameworks */,
				6CFAC2D71F386A5000A175E5 /* Resources */,
			);
			buildRules = (
			);
			dependencies = (
			);
			name = LWidget;
			productName = LWidget;
			productReference = 6CFAC2D91F386A5000A175E5 /* LWidget.app */;
			productType = "com.apple.product-type.application";
		};
/* End PBXNativeTarget section */

/* Begin PBXProject section */
		6CFAC2D11F386A5000A175E5 /* Project object */ = {
			isa = PBXProject;
			attributes = {
				CLASSPREFIX = L;
				LastUpgradeCheck = 0830;
				ORGANIZATIONNAME = "李明明";
				TargetAttributes = {
					6CFAC2D81F386A5000A175E5 = {
						CreatedOnToolsVersion = 8.3.2;
						DevelopmentTeam = LE8BJC7Y5T;
						ProvisioningStyle = Manual;
					};
				};
			};
			buildConfigurationList = 6CFAC2D41F386A5000A175E5 /* Build configuration list for PBXProject "LWidget" */;
			compatibilityVersion = "Xcode 3.2";
			developmentRegion = English;
			hasScannedForEncodings = 0;
			knownRegions = (
				en,
				Base,
			);
			mainGroup = 6CFAC2D01F386A5000A175E5;
			productRefGroup = 6CFAC2DA1F386A5000A175E5 /* Products */;
			projectDirPath = "";
			projectRoot = "";
			targets = (
				6CFAC2D81F386A5000A175E5 /* LWidget */,
			);
		};
/* End PBXProject section */

/* Begin PBXResourcesBuildPhase section */
		6CFAC2D71F386A5000A175E5 /* Resources */ = {
			isa = PBXResourcesBuildPhase;
			buildActionMask = 2147483647;
			files = (
				6CFAC2EC1F386A5000A175E5 /* LaunchScreen.storyboard in Resources */,
				6CFAC2E91F386A5000A175E5 /* Assets.xcassets in Resources */,
				6CFAC2E71F386A5000A175E5 /* Main.storyboard in Resources */,
			);
			runOnlyForDeploymentPostprocessing = 0;
		};
/* End PBXResourcesBuildPhase section */

/* Begin PBXSourcesBuildPhase section */
		6CFAC2D51F386A5000A175E5 /* Sources */ = {
			isa = PBXSourcesBuildPhase;
			buildActionMask = 2147483647;
			files = (
				6CFAC2E41F386A5000A175E5 /* ViewController.m in Sources */,
				6CFAC2E11F386A5000A175E5 /* AppDelegate.m in Sources */,
				6CFAC2DE1F386A5000A175E5 /* main.m in Sources */,
				6CFAC3011F3965FE00A175E5 /* UIImageView+LJImageView.m in Sources */,
				6CFAC2F91F3871AE00A175E5 /* LImageCacheCell.m in Sources */,
			);
			runOnlyForDeploymentPostprocessing = 0;
		};
/* End PBXSourcesBuildPhase section */

/* Begin PBXVariantGroup section */
		6CFAC2E51F386A5000A175E5 /* Main.storyboard */ = {
			isa = PBXVariantGroup;
			children = (
				6CFAC2E61F386A5000A175E5 /* Base */,
			);
			name = Main.storyboard;
			sourceTree = "<group>";
		};
		6CFAC2EA1F386A5000A175E5 /* LaunchScreen.storyboard */ = {
			isa = PBXVariantGroup;
			children = (
				6CFAC2EB1F386A5000A175E5 /* Base */,
			);
			name = LaunchScreen.storyboard;
			sourceTree = "<group>";
		};
/* End PBXVariantGroup section */

/* Begin XCBuildConfiguration section */
		6CFAC2EE1F386A5000A175E5 /* Debug */ = {
			isa = XCBuildConfiguration;
			buildSettings = {
				ALWAYS_SEARCH_USER_PATHS = NO;
				CLANG_ANALYZER_NONNULL = YES;
				CLANG_ANALYZER_NUMBER_OBJECT_CONVERSION = YES_AGGRESSIVE;
				CLANG_CXX_LANGUAGE_STANDARD = "gnu++0x";
				CLANG_CXX_LIBRARY = "libc++";
				CLANG_ENABLE_MODULES = YES;
				CLANG_ENABLE_OBJC_ARC = YES;
				CLANG_WARN_BOOL_CONVERSION = YES;
				CLANG_WARN_CONSTANT_CONVERSION = YES;
				CLANG_WARN_DIRECT_OBJC_ISA_USAGE = YES_ERROR;
				CLANG_WARN_DOCUMENTATION_COMMENTS = YES;
				CLANG_WARN_EMPTY_BODY = YES;
				CLANG_WARN_ENUM_CONVERSION = YES;
				CLANG_WARN_INFINITE_RECURSION = YES;
				CLANG_WARN_INT_CONVERSION = YES;
				CLANG_WARN_OBJC_ROOT_CLASS = YES_ERROR;
				CLANG_WARN_SUSPICIOUS_MOVE = YES;
				CLANG_WARN_UNREACHABLE_CODE = YES;
				CLANG_WARN__DUPLICATE_METHOD_MATCH = YES;
				"CODE_SIGN_IDENTITY[sdk=iphoneos*]" = "iPhone Developer";
				COPY_PHASE_STRIP = NO;
				DEBUG_INFORMATION_FORMAT = dwarf;
				ENABLE_STRICT_OBJC_MSGSEND = YES;
				ENABLE_TESTABILITY = YES;
				GCC_C_LANGUAGE_STANDARD = gnu99;
				GCC_DYNAMIC_NO_PIC = NO;
				GCC_NO_COMMON_BLOCKS = YES;
				GCC_OPTIMIZATION_LEVEL = 0;
				GCC_PREPROCESSOR_DEFINITIONS = (
					"DEBUG=1",
					"$(inherited)",
				);
				GCC_WARN_64_TO_32_BIT_CONVERSION = YES;
				GCC_WARN_ABOUT_RETURN_TYPE = YES_ERROR;
				GCC_WARN_UNDECLARED_SELECTOR = YES;
				GCC_WARN_UNINITIALIZED_AUTOS = YES_AGGRESSIVE;
				GCC_WARN_UNUSED_FUNCTION = YES;
				GCC_WARN_UNUSED_VARIABLE = YES;
				IPHONEOS_DEPLOYMENT_TARGET = 8.0;
				MTL_ENABLE_DEBUG_INFO = YES;
				ONLY_ACTIVE_ARCH = YES;
				SDKROOT = iphoneos;
				TARGETED_DEVICE_FAMILY = "1,2";
			};
			name = Debug;
		};
		6CFAC2EF1F386A5000A175E5 /* Release */ = {
			isa = XCBuildConfiguration;
			buildSettings = {
				ALWAYS_SEARCH_USER_PATHS = NO;
				CLANG_ANALYZER_NONNULL = YES;
				CLANG_ANALYZER_NUMBER_OBJECT_CONVERSION = YES_AGGRESSIVE;
				CLANG_CXX_LANGUAGE_STANDARD = "gnu++0x";
				CLANG_CXX_LIBRARY = "libc++";
				CLANG_ENABLE_MODULES = YES;
				CLANG_ENABLE_OBJC_ARC = YES;
				CLANG_WARN_BOOL_CONVERSION = YES;
				CLANG_WARN_CONSTANT_CONVERSION = YES;
				CLANG_WARN_DIRECT_OBJC_ISA_USAGE = YES_ERROR;
				CLANG_WARN_DOCUMENTATION_COMMENTS = YES;
				CLANG_WARN_EMPTY_BODY = YES;
				CLANG_WARN_ENUM_CONVERSION = YES;
				CLANG_WARN_INFINITE_RECURSION = YES;
				CLANG_WARN_INT_CONVERSION = YES;
				CLANG_WARN_OBJC_ROOT_CLASS = YES_ERROR;
				CLANG_WARN_SUSPICIOUS_MOVE = YES;
				CLANG_WARN_UNREACHABLE_CODE = YES;
				CLANG_WARN__DUPLICATE_METHOD_MATCH = YES;
				"CODE_SIGN_IDENTITY[sdk=iphoneos*]" = "iPhone Developer";
				COPY_PHASE_STRIP = NO;
				DEBUG_INFORMATION_FORMAT = "dwarf-with-dsym";
				ENABLE_NS_ASSERTIONS = NO;
				ENABLE_STRICT_OBJC_MSGSEND = YES;
				GCC_C_LANGUAGE_STANDARD = gnu99;
				GCC_NO_COMMON_BLOCKS = YES;
				GCC_WARN_64_TO_32_BIT_CONVERSION = YES;
				GCC_WARN_ABOUT_RETURN_TYPE = YES_ERROR;
				GCC_WARN_UNDECLARED_SELECTOR = YES;
				GCC_WARN_UNINITIALIZED_AUTOS = YES_AGGRESSIVE;
				GCC_WARN_UNUSED_FUNCTION = YES;
				GCC_WARN_UNUSED_VARIABLE = YES;
				IPHONEOS_DEPLOYMENT_TARGET = 8.0;
				MTL_ENABLE_DEBUG_INFO = NO;
				SDKROOT = iphoneos;
				TARGETED_DEVICE_FAMILY = "1,2";
				VALIDATE_PRODUCT = YES;
			};
			name = Release;
		};
		6CFAC2F11F386A5000A175E5 /* Debug */ = {
			isa = XCBuildConfiguration;
			buildSettings = {
				ASSETCATALOG_COMPILER_APPICON_NAME = AppIcon;
				DEVELOPMENT_TEAM = LE8BJC7Y5T;
				INFOPLIST_FILE = LWidget/Info.plist;
				IPHONEOS_DEPLOYMENT_TARGET = 8.0;
				LD_RUNPATH_SEARCH_PATHS = "$(inherited) @executable_path/Frameworks";
				PRODUCT_BUNDLE_IDENTIFIER = com.xiaoming.LWidget;
				PRODUCT_NAME = "$(TARGET_NAME)";
				PROVISIONING_PROFILE = "eef92212-d90a-4aae-adb2-6d36fc8584b9";
				PROVISIONING_PROFILE_SPECIFIER = "lmm-all";
			};
			name = Debug;
		};
		6CFAC2F21F386A5000A175E5 /* Release */ = {
			isa = XCBuildConfiguration;
			buildSettings = {
				ASSETCATALOG_COMPILER_APPICON_NAME = AppIcon;
				DEVELOPMENT_TEAM = LE8BJC7Y5T;
				INFOPLIST_FILE = LWidget/Info.plist;
				IPHONEOS_DEPLOYMENT_TARGET = 8.0;
				LD_RUNPATH_SEARCH_PATHS = "$(inherited) @executable_path/Frameworks";
				PRODUCT_BUNDLE_IDENTIFIER = com.xiaoming.LWidget;
				PRODUCT_NAME = "$(TARGET_NAME)";
				PROVISIONING_PROFILE = "eef92212-d90a-4aae-adb2-6d36fc8584b9";
				PROVISIONING_PROFILE_SPECIFIER = "lmm-all";
			};
			name = Release;
		};
/* End XCBuildConfiguration section */

/* Begin XCConfigurationList section */
		6CFAC2D41F386A5000A175E5 /* Build configuration list for PBXProject "LWidget" */ = {
			isa = XCConfigurationList;
			buildConfigurations = (
				6CFAC2EE1F386A5000A175E5 /* Debug */,
				6CFAC2EF1F386A5000A175E5 /* Release */,
			);
			defaultConfigurationIsVisible = 0;
			defaultConfigurationName = Release;
		};
		6CFAC2F01F386A5000A175E5 /* Build configuration list for PBXNativeTarget "LWidget" */ = {
			isa = XCConfigurationList;
			buildConfigurations = (
				6CFAC2F11F386A5000A175E5 /* Debug */,
				6CFAC2F21F386A5000A175E5 /* Release */,
			);
			defaultConfigurationIsVisible = 0;
			defaultConfigurationName = Release;
		};
/* End XCConfigurationList section */
	};
	rootObject = 6CFAC2D11F386A5000A175E5 /* Project object */;
}
